// !$*UTF8*$!
{
	archiveVersion = 1;
	classes = {
	};
	objectVersion = 55;
	objects = {

/* Begin PBXBuildFile section */
		29A9487AC3030672BD588DA7 /* libPods-Bet365.a in Frameworks */ = {isa = PBXBuildFile; fileRef = A22A292EFA7867EE3E8C9593 /* libPods-Bet365.a */; };
		8744F066279A459500855DDF /* NetworkExtension.framework in Frameworks */ = {isa = PBXBuildFile; fileRef = 8744F065279A459500855DDF /* NetworkExtension.framework */; };
		8744F069279A601200855DDF /* UserModel.swift in Sources */ = {isa = PBXBuildFile; fileRef = 8744F068279A601200855DDF /* UserModel.swift */; };
		8744F06B279A603A00855DDF /* UserConfig.swift in Sources */ = {isa = PBXBuildFile; fileRef = 8744F06A279A603A00855DDF /* UserConfig.swift */; };
		8750D06327A1AB0400823E89 /* VPNConfig.swift in Sources */ = {isa = PBXBuildFile; fileRef = 8750D06227A1AB0400823E89 /* VPNConfig.swift */; };
		877E37D627984FEF009CEAB5 /* Extension+WKWebView.swift in Sources */ = {isa = PBXBuildFile; fileRef = 877E37D527984FEF009CEAB5 /* Extension+WKWebView.swift */; };
		877E37D927987A54009CEAB5 /* WebViewController.swift in Sources */ = {isa = PBXBuildFile; fileRef = 877E37D727987A54009CEAB5 /* WebViewController.swift */; };
		877E37DA27987A54009CEAB5 /* WebViewController.xib in Resources */ = {isa = PBXBuildFile; fileRef = 877E37D827987A54009CEAB5 /* WebViewController.xib */; };
		877E37DF279894FF009CEAB5 /* StartViewController.swift in Sources */ = {isa = PBXBuildFile; fileRef = 877E37DD279894FF009CEAB5 /* StartViewController.swift */; };
		877E37E0279894FF009CEAB5 /* StartViewController.xib in Resources */ = {isa = PBXBuildFile; fileRef = 877E37DE279894FF009CEAB5 /* StartViewController.xib */; };
		877E37E627999287009CEAB5 /* Alamofire in Frameworks */ = {isa = PBXBuildFile; productRef = 877E37E527999287009CEAB5 /* Alamofire */; };
		877E37E82799942D009CEAB5 /* NetworkManager.swift in Sources */ = {isa = PBXBuildFile; fileRef = 877E37E72799942D009CEAB5 /* NetworkManager.swift */; };
		877E37EB2799BEDB009CEAB5 /* FirebaseRemoteConfig in Frameworks */ = {isa = PBXBuildFile; productRef = 877E37EA2799BEDB009CEAB5 /* FirebaseRemoteConfig */; };
		87F6DB1C2796CED600A4239C /* AppDelegate.swift in Sources */ = {isa = PBXBuildFile; fileRef = 87F6DB1B2796CED600A4239C /* AppDelegate.swift */; };
		87F6DB1E2796CED600A4239C /* SceneDelegate.swift in Sources */ = {isa = PBXBuildFile; fileRef = 87F6DB1D2796CED600A4239C /* SceneDelegate.swift */; };
		87F6DB252796CEDC00A4239C /* Assets.xcassets in Resources */ = {isa = PBXBuildFile; fileRef = 87F6DB242796CEDC00A4239C /* Assets.xcassets */; };
		87F6DB282796CEDC00A4239C /* LaunchScreen.storyboard in Resources */ = {isa = PBXBuildFile; fileRef = 87F6DB262796CEDC00A4239C /* LaunchScreen.storyboard */; };
		FE28E60427A802D900DD6BD1 /* GoogleService-Info.plist in Resources */ = {isa = PBXBuildFile; fileRef = FE28E60327A802D900DD6BD1 /* GoogleService-Info.plist */; };
		FE28E60E27A836F700DD6BD1 /* LogoViewController.swift in Sources */ = {isa = PBXBuildFile; fileRef = FE28E60C27A836F700DD6BD1 /* LogoViewController.swift */; };
		FE28E60F27A836F700DD6BD1 /* LogoViewController.xib in Resources */ = {isa = PBXBuildFile; fileRef = FE28E60D27A836F700DD6BD1 /* LogoViewController.xib */; };
/* End PBXBuildFile section */

/* Begin PBXFileReference section */
		0CD1257E5B7C90B23D018D22 /* Pods-Bet365.release.xcconfig */ = {isa = PBXFileReference; includeInIndex = 1; lastKnownFileType = text.xcconfig; name = "Pods-Bet365.release.xcconfig"; path = "Target Support Files/Pods-Bet365/Pods-Bet365.release.xcconfig"; sourceTree = "<group>"; };
		6CC12D3C9BD6DD7962E774F7 /* Pods-Bet365.debug.xcconfig */ = {isa = PBXFileReference; includeInIndex = 1; lastKnownFileType = text.xcconfig; name = "Pods-Bet365.debug.xcconfig"; path = "Target Support Files/Pods-Bet365/Pods-Bet365.debug.xcconfig"; sourceTree = "<group>"; };
		8744F065279A459500855DDF /* NetworkExtension.framework */ = {isa = PBXFileReference; lastKnownFileType = wrapper.framework; name = NetworkExtension.framework; path = System/Library/Frameworks/NetworkExtension.framework; sourceTree = SDKROOT; };
		8744F068279A601200855DDF /* UserModel.swift */ = {isa = PBXFileReference; lastKnownFileType = sourcecode.swift; path = UserModel.swift; sourceTree = "<group>"; };
		8744F06A279A603A00855DDF /* UserConfig.swift */ = {isa = PBXFileReference; lastKnownFileType = sourcecode.swift; path = UserConfig.swift; sourceTree = "<group>"; };
		8750D06227A1AB0400823E89 /* VPNConfig.swift */ = {isa = PBXFileReference; lastKnownFileType = sourcecode.swift; path = VPNConfig.swift; sourceTree = "<group>"; };
		877E37D527984FEF009CEAB5 /* Extension+WKWebView.swift */ = {isa = PBXFileReference; lastKnownFileType = sourcecode.swift; path = "Extension+WKWebView.swift"; sourceTree = "<group>"; };
		877E37D727987A54009CEAB5 /* WebViewController.swift */ = {isa = PBXFileReference; lastKnownFileType = sourcecode.swift; path = WebViewController.swift; sourceTree = "<group>"; };
		877E37D827987A54009CEAB5 /* WebViewController.xib */ = {isa = PBXFileReference; lastKnownFileType = file.xib; path = WebViewController.xib; sourceTree = "<group>"; };
		877E37DD279894FF009CEAB5 /* StartViewController.swift */ = {isa = PBXFileReference; lastKnownFileType = sourcecode.swift; path = StartViewController.swift; sourceTree = "<group>"; };
		877E37DE279894FF009CEAB5 /* StartViewController.xib */ = {isa = PBXFileReference; lastKnownFileType = file.xib; path = StartViewController.xib; sourceTree = "<group>"; };
		877E37E72799942D009CEAB5 /* NetworkManager.swift */ = {isa = PBXFileReference; lastKnownFileType = sourcecode.swift; path = NetworkManager.swift; sourceTree = "<group>"; };
		87F6DB182796CED600A4239C /* VPN 365.app */ = {isa = PBXFileReference; explicitFileType = wrapper.application; includeInIndex = 0; path = "VPN 365.app"; sourceTree = BUILT_PRODUCTS_DIR; };
		87F6DB1B2796CED600A4239C /* AppDelegate.swift */ = {isa = PBXFileReference; lastKnownFileType = sourcecode.swift; path = AppDelegate.swift; sourceTree = "<group>"; };
		87F6DB1D2796CED600A4239C /* SceneDelegate.swift */ = {isa = PBXFileReference; lastKnownFileType = sourcecode.swift; path = SceneDelegate.swift; sourceTree = "<group>"; };
		87F6DB242796CEDC00A4239C /* Assets.xcassets */ = {isa = PBXFileReference; lastKnownFileType = folder.assetcatalog; path = Assets.xcassets; sourceTree = "<group>"; };
		87F6DB272796CEDC00A4239C /* Base */ = {isa = PBXFileReference; lastKnownFileType = file.storyboard; name = Base; path = Base.lproj/LaunchScreen.storyboard; sourceTree = "<group>"; };
		87F6DB292796CEDC00A4239C /* Info.plist */ = {isa = PBXFileReference; lastKnownFileType = text.plist.xml; path = Info.plist; sourceTree = "<group>"; };
		A22A292EFA7867EE3E8C9593 /* libPods-Bet365.a */ = {isa = PBXFileReference; explicitFileType = archive.ar; includeInIndex = 0; path = "libPods-Bet365.a"; sourceTree = BUILT_PRODUCTS_DIR; };
		FE28E60327A802D900DD6BD1 /* GoogleService-Info.plist */ = {isa = PBXFileReference; fileEncoding = 4; lastKnownFileType = text.plist.xml; path = "GoogleService-Info.plist"; sourceTree = "<group>"; };
		FE28E60B27A82A3200DD6BD1 /* VPN 365.entitlements */ = {isa = PBXFileReference; lastKnownFileType = text.plist.entitlements; path = "VPN 365.entitlements"; sourceTree = "<group>"; };
		FE28E60C27A836F700DD6BD1 /* LogoViewController.swift */ = {isa = PBXFileReference; lastKnownFileType = sourcecode.swift; path = LogoViewController.swift; sourceTree = "<group>"; };
		FE28E60D27A836F700DD6BD1 /* LogoViewController.xib */ = {isa = PBXFileReference; lastKnownFileType = file.xib; path = LogoViewController.xib; sourceTree = "<group>"; };
/* End PBXFileReference section */

/* Begin PBXFrameworksBuildPhase section */
		87F6DB152796CED600A4239C /* Frameworks */ = {
			isa = PBXFrameworksBuildPhase;
			buildActionMask = 2147483647;
			files = (
				8744F066279A459500855DDF /* NetworkExtension.framework in Frameworks */,
				877E37EB2799BEDB009CEAB5 /* FirebaseRemoteConfig in Frameworks */,
				877E37E627999287009CEAB5 /* Alamofire in Frameworks */,
				29A9487AC3030672BD588DA7 /* libPods-Bet365.a in Frameworks */,
			);
			runOnlyForDeploymentPostprocessing = 0;
		};
/* End PBXFrameworksBuildPhase section */

/* Begin PBXGroup section */
		877E37E1279971A1009CEAB5 /* StartView */ = {
			isa = PBXGroup;
			children = (
				877E37DD279894FF009CEAB5 /* StartViewController.swift */,
				877E37DE279894FF009CEAB5 /* StartViewController.xib */,
			);
			path = StartView;
			sourceTree = "<group>";
		};
		877E37E2279971B6009CEAB5 /* WebView */ = {
			isa = PBXGroup;
			children = (
				877E37D727987A54009CEAB5 /* WebViewController.swift */,
				877E37D827987A54009CEAB5 /* WebViewController.xib */,
			);
			path = WebView;
			sourceTree = "<group>";
		};
		877E37E3279971CB009CEAB5 /* Extension */ = {
			isa = PBXGroup;
			children = (
				877E37D527984FEF009CEAB5 /* Extension+WKWebView.swift */,
			);
			path = Extension;
			sourceTree = "<group>";
		};
		87F6DB0F2796CED600A4239C = {
			isa = PBXGroup;
			children = (
				FE28E60B27A82A3200DD6BD1 /* VPN 365.entitlements */,
				87F6DB1A2796CED600A4239C /* VPN365 */,
				87F6DB192796CED600A4239C /* Products */,
				C3C3F79E201FBF80386F9D15 /* Pods */,
				A52D947017B8A318D9EB68C8 /* Frameworks */,
			);
			sourceTree = "<group>";
		};
		87F6DB192796CED600A4239C /* Products */ = {
			isa = PBXGroup;
			children = (
				87F6DB182796CED600A4239C /* VPN 365.app */,
			);
			name = Products;
			sourceTree = "<group>";
		};
		87F6DB1A2796CED600A4239C /* VPN365 */ = {
			isa = PBXGroup;
			children = (
				FE28E60327A802D900DD6BD1 /* GoogleService-Info.plist */,
				87F6DB1B2796CED600A4239C /* AppDelegate.swift */,
				87F6DB1D2796CED600A4239C /* SceneDelegate.swift */,
				877E37E72799942D009CEAB5 /* NetworkManager.swift */,
				8750D06227A1AB0400823E89 /* VPNConfig.swift */,
				8744F06A279A603A00855DDF /* UserConfig.swift */,
				8744F068279A601200855DDF /* UserModel.swift */,
				FE28E60C27A836F700DD6BD1 /* LogoViewController.swift */,
				FE28E60D27A836F700DD6BD1 /* LogoViewController.xib */,
				877E37E1279971A1009CEAB5 /* StartView */,
				877E37E2279971B6009CEAB5 /* WebView */,
				877E37E3279971CB009CEAB5 /* Extension */,
				87F6DB242796CEDC00A4239C /* Assets.xcassets */,
				87F6DB262796CEDC00A4239C /* LaunchScreen.storyboard */,
				87F6DB292796CEDC00A4239C /* Info.plist */,
			);
			path = VPN365;
			sourceTree = "<group>";
		};
		A52D947017B8A318D9EB68C8 /* Frameworks */ = {
			isa = PBXGroup;
			children = (
				8744F065279A459500855DDF /* NetworkExtension.framework */,
				A22A292EFA7867EE3E8C9593 /* libPods-Bet365.a */,
			);
			name = Frameworks;
			sourceTree = "<group>";
		};
		C3C3F79E201FBF80386F9D15 /* Pods */ = {
			isa = PBXGroup;
			children = (
				6CC12D3C9BD6DD7962E774F7 /* Pods-Bet365.debug.xcconfig */,
				0CD1257E5B7C90B23D018D22 /* Pods-Bet365.release.xcconfig */,
			);
			path = Pods;
			sourceTree = "<group>";
		};
/* End PBXGroup section */

/* Begin PBXNativeTarget section */
		87F6DB172796CED600A4239C /* VPN 365 */ = {
			isa = PBXNativeTarget;
			buildConfigurationList = 87F6DB2C2796CEDC00A4239C /* Build configuration list for PBXNativeTarget "VPN 365" */;
			buildPhases = (
				8B2486F1C6B8701A415A4F80 /* [CP] Check Pods Manifest.lock */,
				87F6DB142796CED600A4239C /* Sources */,
				87F6DB152796CED600A4239C /* Frameworks */,
				87F6DB162796CED600A4239C /* Resources */,
			);
			buildRules = (
			);
			dependencies = (
			);
			name = "VPN 365";
			packageProductDependencies = (
				877E37E527999287009CEAB5 /* Alamofire */,
				877E37EA2799BEDB009CEAB5 /* FirebaseRemoteConfig */,
			);
			productName = "SafariView+vpn";
			productReference = 87F6DB182796CED600A4239C /* VPN 365.app */;
			productType = "com.apple.product-type.application";
		};
/* End PBXNativeTarget section */

/* Begin PBXProject section */
		87F6DB102796CED600A4239C /* Project object */ = {
			isa = PBXProject;
			attributes = {
				BuildIndependentTargetsInParallel = 1;
				LastSwiftUpdateCheck = 1320;
				LastUpgradeCheck = 1320;
				TargetAttributes = {
					87F6DB172796CED600A4239C = {
						CreatedOnToolsVersion = 13.2.1;
					};
				};
			};
			buildConfigurationList = 87F6DB132796CED600A4239C /* Build configuration list for PBXProject "VPN 365" */;
			compatibilityVersion = "Xcode 13.0";
			developmentRegion = en;
			hasScannedForEncodings = 0;
			knownRegions = (
				en,
				Base,
			);
			mainGroup = 87F6DB0F2796CED600A4239C;
			packageReferences = (
				877E37E427999287009CEAB5 /* XCRemoteSwiftPackageReference "Alamofire" */,
				877E37E92799BEDA009CEAB5 /* XCRemoteSwiftPackageReference "firebase-ios-sdk" */,
			);
			productRefGroup = 87F6DB192796CED600A4239C /* Products */;
			projectDirPath = "";
			projectRoot = "";
			targets = (
				87F6DB172796CED600A4239C /* VPN 365 */,
			);
		};
/* End PBXProject section */

/* Begin PBXResourcesBuildPhase section */
		87F6DB162796CED600A4239C /* Resources */ = {
			isa = PBXResourcesBuildPhase;
			buildActionMask = 2147483647;
			files = (
				87F6DB282796CEDC00A4239C /* LaunchScreen.storyboard in Resources */,
				FE28E60F27A836F700DD6BD1 /* LogoViewController.xib in Resources */,
				877E37E0279894FF009CEAB5 /* StartViewController.xib in Resources */,
				FE28E60427A802D900DD6BD1 /* GoogleService-Info.plist in Resources */,
				87F6DB252796CEDC00A4239C /* Assets.xcassets in Resources */,
				877E37DA27987A54009CEAB5 /* WebViewController.xib in Resources */,
			);
			runOnlyForDeploymentPostprocessing = 0;
		};
/* End PBXResourcesBuildPhase section */

/* Begin PBXShellScriptBuildPhase section */
		8B2486F1C6B8701A415A4F80 /* [CP] Check Pods Manifest.lock */ = {
			isa = PBXShellScriptBuildPhase;
			buildActionMask = 2147483647;
			files = (
			);
			inputFileListPaths = (
			);
			inputPaths = (
				"${PODS_PODFILE_DIR_PATH}/Podfile.lock",
				"${PODS_ROOT}/Manifest.lock",
			);
			name = "[CP] Check Pods Manifest.lock";
			outputFileListPaths = (
			);
			outputPaths = (
				"$(DERIVED_FILE_DIR)/Pods-Bet365-checkManifestLockResult.txt",
			);
			runOnlyForDeploymentPostprocessing = 0;
			shellPath = /bin/sh;
			shellScript = "diff \"${PODS_PODFILE_DIR_PATH}/Podfile.lock\" \"${PODS_ROOT}/Manifest.lock\" > /dev/null\nif [ $? != 0 ] ; then\n    # print error to STDERR\n    echo \"error: The sandbox is not in sync with the Podfile.lock. Run 'pod install' or update your CocoaPods installation.\" >&2\n    exit 1\nfi\n# This output is used by Xcode 'outputs' to avoid re-running this script phase.\necho \"SUCCESS\" > \"${SCRIPT_OUTPUT_FILE_0}\"\n";
			showEnvVarsInLog = 0;
		};
/* End PBXShellScriptBuildPhase section */

/* Begin PBXSourcesBuildPhase section */
		87F6DB142796CED600A4239C /* Sources */ = {
			isa = PBXSourcesBuildPhase;
			buildActionMask = 2147483647;
			files = (
				8750D06327A1AB0400823E89 /* VPNConfig.swift in Sources */,
				877E37E82799942D009CEAB5 /* NetworkManager.swift in Sources */,
				8744F069279A601200855DDF /* UserModel.swift in Sources */,
				877E37DF279894FF009CEAB5 /* StartViewController.swift in Sources */,
				877E37D627984FEF009CEAB5 /* Extension+WKWebView.swift in Sources */,
				8744F06B279A603A00855DDF /* UserConfig.swift in Sources */,
				877E37D927987A54009CEAB5 /* WebViewController.swift in Sources */,
				FE28E60E27A836F700DD6BD1 /* LogoViewController.swift in Sources */,
				87F6DB1C2796CED600A4239C /* AppDelegate.swift in Sources */,
				87F6DB1E2796CED600A4239C /* SceneDelegate.swift in Sources */,
			);
			runOnlyForDeploymentPostprocessing = 0;
		};
/* End PBXSourcesBuildPhase section */

/* Begin PBXVariantGroup section */
		87F6DB262796CEDC00A4239C /* LaunchScreen.storyboard */ = {
			isa = PBXVariantGroup;
			children = (
				87F6DB272796CEDC00A4239C /* Base */,
			);
			name = LaunchScreen.storyboard;
			sourceTree = "<group>";
		};
/* End PBXVariantGroup section */

/* Begin XCBuildConfiguration section */
		87F6DB2A2796CEDC00A4239C /* Debug */ = {
			isa = XCBuildConfiguration;
			buildSettings = {
				ALWAYS_SEARCH_USER_PATHS = NO;
				CLANG_ANALYZER_NONNULL = YES;
				CLANG_ANALYZER_NUMBER_OBJECT_CONVERSION = YES_AGGRESSIVE;
				CLANG_CXX_LANGUAGE_STANDARD = "gnu++17";
				CLANG_CXX_LIBRARY = "libc++";
				CLANG_ENABLE_MODULES = YES;
				CLANG_ENABLE_OBJC_ARC = YES;
				CLANG_ENABLE_OBJC_WEAK = YES;
				CLANG_WARN_BLOCK_CAPTURE_AUTORELEASING = YES;
				CLANG_WARN_BOOL_CONVERSION = YES;
				CLANG_WARN_COMMA = YES;
				CLANG_WARN_CONSTANT_CONVERSION = YES;
				CLANG_WARN_DEPRECATED_OBJC_IMPLEMENTATIONS = YES;
				CLANG_WARN_DIRECT_OBJC_ISA_USAGE = YES_ERROR;
				CLANG_WARN_DOCUMENTATION_COMMENTS = YES;
				CLANG_WARN_EMPTY_BODY = YES;
				CLANG_WARN_ENUM_CONVERSION = YES;
				CLANG_WARN_INFINITE_RECURSION = YES;
				CLANG_WARN_INT_CONVERSION = YES;
				CLANG_WARN_NON_LITERAL_NULL_CONVERSION = YES;
				CLANG_WARN_OBJC_IMPLICIT_RETAIN_SELF = YES;
				CLANG_WARN_OBJC_LITERAL_CONVERSION = YES;
				CLANG_WARN_OBJC_ROOT_CLASS = YES_ERROR;
				CLANG_WARN_QUOTED_INCLUDE_IN_FRAMEWORK_HEADER = YES;
				CLANG_WARN_RANGE_LOOP_ANALYSIS = YES;
				CLANG_WARN_STRICT_PROTOTYPES = YES;
				CLANG_WARN_SUSPICIOUS_MOVE = YES;
				CLANG_WARN_UNGUARDED_AVAILABILITY = YES_AGGRESSIVE;
				CLANG_WARN_UNREACHABLE_CODE = YES;
				CLANG_WARN__DUPLICATE_METHOD_MATCH = YES;
				COPY_PHASE_STRIP = NO;
				DEBUG_INFORMATION_FORMAT = dwarf;
				ENABLE_STRICT_OBJC_MSGSEND = YES;
				ENABLE_TESTABILITY = YES;
				GCC_C_LANGUAGE_STANDARD = gnu11;
				GCC_DYNAMIC_NO_PIC = NO;
				GCC_NO_COMMON_BLOCKS = YES;
				GCC_OPTIMIZATION_LEVEL = 0;
				GCC_PREPROCESSOR_DEFINITIONS = (
					"DEBUG=1",
					"$(inherited)",
				);
				GCC_WARN_64_TO_32_BIT_CONVERSION = YES;
				GCC_WARN_ABOUT_RETURN_TYPE = YES_ERROR;
				GCC_WARN_UNDECLARED_SELECTOR = YES;
				GCC_WARN_UNINITIALIZED_AUTOS = YES_AGGRESSIVE;
				GCC_WARN_UNUSED_FUNCTION = YES;
				GCC_WARN_UNUSED_VARIABLE = YES;
				IPHONEOS_DEPLOYMENT_TARGET = 14.0;
				MTL_ENABLE_DEBUG_INFO = INCLUDE_SOURCE;
				MTL_FAST_MATH = YES;
				ONLY_ACTIVE_ARCH = YES;
				SDKROOT = iphoneos;
				SWIFT_ACTIVE_COMPILATION_CONDITIONS = DEBUG;
				SWIFT_OPTIMIZATION_LEVEL = "-Onone";
			};
			name = Debug;
		};
		87F6DB2B2796CEDC00A4239C /* Release */ = {
			isa = XCBuildConfiguration;
			buildSettings = {
				ALWAYS_SEARCH_USER_PATHS = NO;
				CLANG_ANALYZER_NONNULL = YES;
				CLANG_ANALYZER_NUMBER_OBJECT_CONVERSION = YES_AGGRESSIVE;
				CLANG_CXX_LANGUAGE_STANDARD = "gnu++17";
				CLANG_CXX_LIBRARY = "libc++";
				CLANG_ENABLE_MODULES = YES;
				CLANG_ENABLE_OBJC_ARC = YES;
				CLANG_ENABLE_OBJC_WEAK = YES;
				CLANG_WARN_BLOCK_CAPTURE_AUTORELEASING = YES;
				CLANG_WARN_BOOL_CONVERSION = YES;
				CLANG_WARN_COMMA = YES;
				CLANG_WARN_CONSTANT_CONVERSION = YES;
				CLANG_WARN_DEPRECATED_OBJC_IMPLEMENTATIONS = YES;
				CLANG_WARN_DIRECT_OBJC_ISA_USAGE = YES_ERROR;
				CLANG_WARN_DOCUMENTATION_COMMENTS = YES;
				CLANG_WARN_EMPTY_BODY = YES;
				CLANG_WARN_ENUM_CONVERSION = YES;
				CLANG_WARN_INFINITE_RECURSION = YES;
				CLANG_WARN_INT_CONVERSION = YES;
				CLANG_WARN_NON_LITERAL_NULL_CONVERSION = YES;
				CLANG_WARN_OBJC_IMPLICIT_RETAIN_SELF = YES;
				CLANG_WARN_OBJC_LITERAL_CONVERSION = YES;
				CLANG_WARN_OBJC_ROOT_CLASS = YES_ERROR;
				CLANG_WARN_QUOTED_INCLUDE_IN_FRAMEWORK_HEADER = YES;
				CLANG_WARN_RANGE_LOOP_ANALYSIS = YES;
				CLANG_WARN_STRICT_PROTOTYPES = YES;
				CLANG_WARN_SUSPICIOUS_MOVE = YES;
				CLANG_WARN_UNGUARDED_AVAILABILITY = YES_AGGRESSIVE;
				CLANG_WARN_UNREACHABLE_CODE = YES;
				CLANG_WARN__DUPLICATE_METHOD_MATCH = YES;
				COPY_PHASE_STRIP = NO;
				DEBUG_INFORMATION_FORMAT = "dwarf-with-dsym";
				ENABLE_NS_ASSERTIONS = NO;
				ENABLE_STRICT_OBJC_MSGSEND = YES;
				GCC_C_LANGUAGE_STANDARD = gnu11;
				GCC_NO_COMMON_BLOCKS = YES;
				GCC_WARN_64_TO_32_BIT_CONVERSION = YES;
				GCC_WARN_ABOUT_RETURN_TYPE = YES_ERROR;
				GCC_WARN_UNDECLARED_SELECTOR = YES;
				GCC_WARN_UNINITIALIZED_AUTOS = YES_AGGRESSIVE;
				GCC_WARN_UNUSED_FUNCTION = YES;
				GCC_WARN_UNUSED_VARIABLE = YES;
				IPHONEOS_DEPLOYMENT_TARGET = 14.0;
				MTL_ENABLE_DEBUG_INFO = NO;
				MTL_FAST_MATH = YES;
				SDKROOT = iphoneos;
				SWIFT_COMPILATION_MODE = wholemodule;
				SWIFT_OPTIMIZATION_LEVEL = "-O";
				VALIDATE_PRODUCT = YES;
			};
			name = Release;
		};
		87F6DB2D2796CEDC00A4239C /* Debug */ = {
			isa = XCBuildConfiguration;
			baseConfigurationReference = 6CC12D3C9BD6DD7962E774F7 /* Pods-Bet365.debug.xcconfig */;
			buildSettings = {
				ASSETCATALOG_COMPILER_APPICON_NAME = AppIcon;
				ASSETCATALOG_COMPILER_GLOBAL_ACCENT_COLOR_NAME = AccentColor;
				CODE_SIGN_ENTITLEMENTS = "VPN 365.entitlements";
				CODE_SIGN_STYLE = Automatic;
				CURRENT_PROJECT_VERSION = 1;
				DEVELOPMENT_TEAM = 2G7TF74K2N;
				GENERATE_INFOPLIST_FILE = YES;
				INFOPLIST_FILE = VPN365/Info.plist;
				INFOPLIST_KEY_CFBundleDisplayName = "VPN 365";
				INFOPLIST_KEY_UIApplicationSupportsIndirectInputEvents = YES;
				INFOPLIST_KEY_UILaunchStoryboardName = LaunchScreen;
				INFOPLIST_KEY_UIStatusBarHidden = YES;
				INFOPLIST_KEY_UISupportedInterfaceOrientations = UIInterfaceOrientationPortrait;
				INFOPLIST_KEY_UISupportedInterfaceOrientations_iPad = "UIInterfaceOrientationPortrait UIInterfaceOrientationPortraitUpsideDown UIInterfaceOrientationLandscapeLeft UIInterfaceOrientationLandscapeRight";
				INFOPLIST_KEY_UISupportedInterfaceOrientations_iPhone = "UIInterfaceOrientationPortrait UIInterfaceOrientationLandscapeLeft UIInterfaceOrientationLandscapeRight";
				IPHONEOS_DEPLOYMENT_TARGET = 14.0;
				LD_RUNPATH_SEARCH_PATHS = (
					"$(inherited)",
					"@executable_path/Frameworks",
				);
				MARKETING_VERSION = 1.2;
				PRODUCT_BUNDLE_IDENTIFIER = com.ss.abet365;
				PRODUCT_NAME = "$(TARGET_NAME)";
				SWIFT_EMIT_LOC_STRINGS = YES;
				SWIFT_VERSION = 5.0;
				TARGETED_DEVICE_FAMILY = "1,2";
			};
			name = Debug;
		};
		87F6DB2E2796CEDC00A4239C /* Release */ = {
			isa = XCBuildConfiguration;
			baseConfigurationReference = 0CD1257E5B7C90B23D018D22 /* Pods-Bet365.release.xcconfig */;
			buildSettings = {
				ASSETCATALOG_COMPILER_APPICON_NAME = AppIcon;
				ASSETCATALOG_COMPILER_GLOBAL_ACCENT_COLOR_NAME = AccentColor;
				CODE_SIGN_ENTITLEMENTS = "VPN 365.entitlements";
				CODE_SIGN_STYLE = Automatic;
				CURRENT_PROJECT_VERSION = 1;
				DEVELOPMENT_TEAM = 2G7TF74K2N;
				GENERATE_INFOPLIST_FILE = YES;
				INFOPLIST_FILE = VPN365/Info.plist;
				INFOPLIST_KEY_CFBundleDisplayName = "VPN 365";
				INFOPLIST_KEY_UIApplicationSupportsIndirectInputEvents = YES;
				INFOPLIST_KEY_UILaunchStoryboardName = LaunchScreen;
				INFOPLIST_KEY_UIStatusBarHidden = YES;
				INFOPLIST_KEY_UISupportedInterfaceOrientations = UIInterfaceOrientationPortrait;
				INFOPLIST_KEY_UISupportedInterfaceOrientations_iPad = "UIInterfaceOrientationPortrait UIInterfaceOrientationPortraitUpsideDown UIInterfaceOrientationLandscapeLeft UIInterfaceOrientationLandscapeRight";
				INFOPLIST_KEY_UISupportedInterfaceOrientations_iPhone = "UIInterfaceOrientationPortrait UIInterfaceOrientationLandscapeLeft UIInterfaceOrientationLandscapeRight";
				IPHONEOS_DEPLOYMENT_TARGET = 14.0;
				LD_RUNPATH_SEARCH_PATHS = (
					"$(inherited)",
					"@executable_path/Frameworks",
				);
				MARKETING_VERSION = 1.2;
				PRODUCT_BUNDLE_IDENTIFIER = com.ss.abet365;
				PRODUCT_NAME = "$(TARGET_NAME)";
				SWIFT_EMIT_LOC_STRINGS = YES;
				SWIFT_VERSION = 5.0;
				TARGETED_DEVICE_FAMILY = "1,2";
			};
			name = Release;
		};
/* End XCBuildConfiguration section */

/* Begin XCConfigurationList section */
		87F6DB132796CED600A4239C /* Build configuration list for PBXProject "VPN 365" */ = {
			isa = XCConfigurationList;
			buildConfigurations = (
				87F6DB2A2796CEDC00A4239C /* Debug */,
				87F6DB2B2796CEDC00A4239C /* Release */,
			);
			defaultConfigurationIsVisible = 0;
			defaultConfigurationName = Release;
		};
		87F6DB2C2796CEDC00A4239C /* Build configuration list for PBXNativeTarget "VPN 365" */ = {
			isa = XCConfigurationList;
			buildConfigurations = (
				87F6DB2D2796CEDC00A4239C /* Debug */,
				87F6DB2E2796CEDC00A4239C /* Release */,
			);
			defaultConfigurationIsVisible = 0;
			defaultConfigurationName = Release;
		};
/* End XCConfigurationList section */

/* Begin XCRemoteSwiftPackageReference section */
		877E37E427999287009CEAB5 /* XCRemoteSwiftPackageReference "Alamofire" */ = {
			isa = XCRemoteSwiftPackageReference;
			repositoryURL = "https://github.com/Alamofire/Alamofire.git";
			requirement = {
				kind = upToNextMinorVersion;
				minimumVersion = 5.5.0;
			};
		};
		877E37E92799BEDA009CEAB5 /* XCRemoteSwiftPackageReference "firebase-ios-sdk" */ = {
			isa = XCRemoteSwiftPackageReference;
			repositoryURL = "https://github.com/firebase/firebase-ios-sdk.git";
			requirement = {
				kind = upToNextMinorVersion;
				minimumVersion = 8.9.0;
			};
		};
/* End XCRemoteSwiftPackageReference section */

/* Begin XCSwiftPackageProductDependency section */
		877E37E527999287009CEAB5 /* Alamofire */ = {
			isa = XCSwiftPackageProductDependency;
			package = 877E37E427999287009CEAB5 /* XCRemoteSwiftPackageReference "Alamofire" */;
			productName = Alamofire;
		};
		877E37EA2799BEDB009CEAB5 /* FirebaseRemoteConfig */ = {
			isa = XCSwiftPackageProductDependency;
			package = 877E37E92799BEDA009CEAB5 /* XCRemoteSwiftPackageReference "firebase-ios-sdk" */;
			productName = FirebaseRemoteConfig;
		};
/* End XCSwiftPackageProductDependency section */
	};
	rootObject = 87F6DB102796CED600A4239C /* Project object */;
}
